
Microsoft Visual Studio Solution File, Format Version 12.00
# Visual Studio Version 16
VisualStudioVersion = 16.0.31205.134
MinimumVisualStudioVersion = 10.0.40219.1
Project("{9A19103F-16F7-4668-BE54-9A1E7A4F7556}") = "BethanysPieShopHRM.App", "BethanysPieShopHRM.App\BethanysPieShopHRM.App.csproj", "{E1FCEC8F-D652-4594-B1D6-3E04B9B1589D}"
EndProject
Project("{9A19103F-16F7-4668-BE54-9A1E7A4F7556}") = "BethanysPieShopHRM.Shared", "BethanysPieShopHRM.Shared\BethanysPieShopHRM.Shared.csproj", "{A92583EB-F133-4B01-A594-CEC6799CD98C}"
EndProject
Project("{9A19103F-16F7-4668-BE54-9A1E7A4F7556}") = "BethanysPieShopHRM.Api", "BethanysPieShopHRM.Api\BethanysPieShopHRM.Api.csproj", "{244D3FBA-A49C-435A-B72B-B1166904A289}"
EndProject
Project("{9A19103F-16F7-4668-BE54-9A1E7A4F7556}") = "BethanysPieShopHRM.ComponentsLibrary", "..\..\Assets\BethanysPieShopHRM.ComponentsLibrary\BethanysPieShopHRM.ComponentsLibrary.csproj", "{4ECDAC7B-84BC-46B9-995C-69ADD034A666}"
EndProject
Global
	GlobalSection(SolutionConfigurationPlatforms) = preSolution
		Debug|Any CPU = Debug|Any CPU
		Release|Any CPU = Release|Any CPU
	EndGlobalSection
	GlobalSection(ProjectConfigurationPlatforms) = postSolution
		{E1FCEC8F-D652-4594-B1D6-3E04B9B1589D}.Debug|Any CPU.ActiveCfg = Debug|Any CPU
		{E1FCEC8F-D652-4594-B1D6-3E04B9B1589D}.Debug|Any CPU.Build.0 = Debug|Any CPU
		{E1FCEC8F-D652-4594-B1D6-3E04B9B1589D}.Release|Any CPU.ActiveCfg = Release|Any CPU
		{E1FCEC8F-D652-4594-B1D6-3E04B9B1589D}.Release|Any CPU.Build.0 = Release|Any CPU
		{A92583EB-F133-4B01-A594-CEC6799CD98C}.Debug|Any CPU.ActiveCfg = Debug|Any CPU
		{A92583EB-F133-4B01-A594-CEC6799CD98C}.Debug|Any CPU.Build.0 = Debug|Any CPU
		{A92583EB-F133-4B01-A594-CEC6799CD98C}.Release|Any CPU.ActiveCfg = Release|Any CPU
		{A92583EB-F133-4B01-A594-CEC6799CD98C}.Release|Any CPU.Build.0 = Release|Any CPU
		{244D3FBA-A49C-435A-B72B-B1166904A289}.Debug|Any CPU.ActiveCfg = Debug|Any CPU
		{244D3FBA-A49C-435A-B72B-B1166904A289}.Debug|Any CPU.Build.0 = Debug|Any CPU
		{244D3FBA-A49C-435A-B72B-B1166904A289}.Release|Any CPU.ActiveCfg = Release|Any CPU
		{244D3FBA-A49C-435A-B72B-B1166904A289}.Release|Any CPU.Build.0 = Release|Any CPU
		{4ECDAC7B-84BC-46B9-995C-69ADD034A666}.Debug|Any CPU.ActiveCfg = Debug|Any CPU
		{4ECDAC7B-84BC-46B9-995C-69ADD034A666}.Debug|Any CPU.Build.0 = Debug|Any CPU
		{4ECDAC7B-84BC-46B9-995C-69ADD034A666}.Release|Any CPU.ActiveCfg = Release|Any CPU
		{4ECDAC7B-84BC-46B9-995C-69ADD034A666}.Release|Any CPU.Build.0 = Release|Any CPU
	EndGlobalSection
	GlobalSection(SolutionProperties) = preSolution
		HideSolutionNode = FALSE
	EndGlobalSection
	GlobalSection(ExtensibilityGlobals) = postSolution
		SolutionGuid = {D7161186-00DD-47BA-934E-14976357BC6F}
	EndGlobalSection
EndGlobal
